
Microsoft Visual Studio Solution File, Format Version 12.00
# Visual Studio Version 17
VisualStudioVersion = 17.8.34322.80
MinimumVisualStudioVersion = 10.0.40219.1
Project("{8BC9CEB8-8B4A-11D0-8D11-00A0C91BC942}") = "galaxybrain", "galaxybrain.vcxproj", "{6EC718D5-A82D-4211-872C-06BE795F8F71}"
EndProject
Global
	GlobalSection(SolutionConfigurationPlatforms) = preSolution
		Debug|x64 = Debug|x64
		Release|x64 = Release|x64
	EndGlobalSection
	GlobalSection(ProjectConfigurationPlatforms) = postSolution
		{6EC718D5-A82D-4211-872C-06BE795F8F71}.Debug|x64.ActiveCfg = Debug|x64
		{6EC718D5-A82D-4211-872C-06BE795F8F71}.Debug|x64.Build.0 = Debug|x64
		{6EC718D5-A82D-4211-872C-06BE795F8F71}.Release|x64.ActiveCfg = Release|x64
		{6EC718D5-A82D-4211-872C-06BE795F8F71}.Release|x64.Build.0 = Release|x64
	EndGlobalSection
	GlobalSection(SolutionProperties) = preSolution
		HideSolutionNode = FALSE
	EndGlobalSection
	GlobalSection(ExtensibilityGlobals) = postSolution
		SolutionGuid = {9825A50D-96C0-4224-872B-53F8EB66CD3E}
	EndGlobalSection
EndGlobal
